
Microsoft Visual Studio Solution File, Format Version 11.00
# Visual Studio 2010
Project("{FAE04EC0-301F-11D3-BF4B-00C04F79EFBC}") = "ProjectManager", "ProjectManager\ProjectManager.csproj", "{8DAD79F1-3DF8-4105-9659-DF7D24F5FD4D}"
EndProject
Project("{FAE04EC0-301F-11D3-BF4B-00C04F79EFBC}") = "pm", "pm.csproj", "{288E5931-4249-4BC2-8892-A97E99A28D8D}"
EndProject
Global
	GlobalSection(TeamFoundationVersionControl) = preSolution
		SccNumberOfProjects = 3
		SccEnterpriseProvider = {4CA58AB2-18FA-4F8D-95D4-32DDF27D184C}
		SccTeamFoundationServer = https://tfs.codeplex.com/tfs/tfs28
		SccLocalPath0 = .
		SccProjectUniqueName1 = ProjectManager\\ProjectManager.csproj
		SccProjectName1 = ProjectManager
		SccLocalPath1 = ProjectManager
		SccProjectUniqueName2 = pm.csproj
		SccLocalPath2 = .
	EndGlobalSection
	GlobalSection(SolutionConfigurationPlatforms) = preSolution
		Debug|Any CPU = Debug|Any CPU
		Release|Any CPU = Release|Any CPU
	EndGlobalSection
	GlobalSection(ProjectConfigurationPlatforms) = postSolution
		{8DAD79F1-3DF8-4105-9659-DF7D24F5FD4D}.Debug|Any CPU.ActiveCfg = Debug|Any CPU
		{8DAD79F1-3DF8-4105-9659-DF7D24F5FD4D}.Debug|Any CPU.Build.0 = Debug|Any CPU
		{8DAD79F1-3DF8-4105-9659-DF7D24F5FD4D}.Release|Any CPU.ActiveCfg = Release|Any CPU
		{8DAD79F1-3DF8-4105-9659-DF7D24F5FD4D}.Release|Any CPU.Build.0 = Release|Any CPU
		{288E5931-4249-4BC2-8892-A97E99A28D8D}.Debug|Any CPU.ActiveCfg = Debug|Any CPU
		{288E5931-4249-4BC2-8892-A97E99A28D8D}.Debug|Any CPU.Build.0 = Debug|Any CPU
		{288E5931-4249-4BC2-8892-A97E99A28D8D}.Release|Any CPU.ActiveCfg = Release|Any CPU
		{288E5931-4249-4BC2-8892-A97E99A28D8D}.Release|Any CPU.Build.0 = Release|Any CPU
	EndGlobalSection
	GlobalSection(SolutionProperties) = preSolution
		HideSolutionNode = FALSE
	EndGlobalSection
EndGlobal
